[[package]]
name = "babel"
version = "2.12.1"
description = "Internationalization utilities"
category = "main"
optional = false
python-versions = ">=3.7"

[[package]]
name = "pillow"
version = "9.5.0"
description = "Python Imaging Library (Fork)"
category = "main"
optional = false
python-versions = ">=3.7"

[package.extras]
docs = ["furo", "olefile", "sphinx (>=2.4)", "sphinx-copybutton", "sphinx-inline-tabs", "sphinx-removed-in", "sphinxext-opengraph"]
tests = ["check-manifest", "coverage", "defusedxml", "markdown2", "olefile", "packaging", "pyroma", "pytest", "pytest-cov", "pytest-timeout"]

[[package]]
name = "tkcalendar"
version = "1.6.1"
description = "Calendar and DateEntry widgets for Tkinter"
category = "main"
optional = false
python-versions = "*"

[package.dependencies]
babel = "*"

[metadata]
lock-version = "1.1"
python-versions = "^3.10"
content-hash = "7cf73e6f096c92e0a12d02c381c680bd2e02e124da4da340ee2cbc75c4502d5e"

[metadata.files]
babel = []
pillow = []
tkcalendar = []
